// !$*UTF8*$!
{
	archiveVersion = 1;
	classes = {
	};
	objectVersion = 50;
	objects = {

/* Begin PBXBuildFile section */
		F61C1DA7228084B800948810 /* CategoryCell.swift in Sources */ = {isa = PBXBuildFile; fileRef = F61C1DA6228084B800948810 /* CategoryCell.swift */; };
		F61C1DAB22809F0200948810 /* Category.swift in Sources */ = {isa = PBXBuildFile; fileRef = F61C1DAA22809F0200948810 /* Category.swift */; };
		F61C1DAE2280A03000948810 /* DataServices.swift in Sources */ = {isa = PBXBuildFile; fileRef = F61C1DAD2280A03000948810 /* DataServices.swift */; };
		F61C1DB02280C12000948810 /* ProductCell.swift in Sources */ = {isa = PBXBuildFile; fileRef = F61C1DAF2280C12000948810 /* ProductCell.swift */; };
		F61C1DB22280C25A00948810 /* Product.swift in Sources */ = {isa = PBXBuildFile; fileRef = F61C1DB12280C25A00948810 /* Product.swift */; };
		F61C1DB42280CA4100948810 /* ProductsVC.swift in Sources */ = {isa = PBXBuildFile; fileRef = F61C1DB32280CA4100948810 /* ProductsVC.swift */; };
		F61F892A227C9A190002817D /* AppDelegate.swift in Sources */ = {isa = PBXBuildFile; fileRef = F61F8929227C9A190002817D /* AppDelegate.swift */; };
		F61F892C227C9A190002817D /* CategoriesVC.swift in Sources */ = {isa = PBXBuildFile; fileRef = F61F892B227C9A190002817D /* CategoriesVC.swift */; };
		F61F892F227C9A190002817D /* Main.storyboard in Resources */ = {isa = PBXBuildFile; fileRef = F61F892D227C9A190002817D /* Main.storyboard */; };
		F61F8931227C9A1B0002817D /* Assets.xcassets in Resources */ = {isa = PBXBuildFile; fileRef = F61F8930227C9A1B0002817D /* Assets.xcassets */; };
		F61F8934227C9A1B0002817D /* LaunchScreen.storyboard in Resources */ = {isa = PBXBuildFile; fileRef = F61F8932227C9A1B0002817D /* LaunchScreen.storyboard */; };
		F61F893F227C9A1B0002817D /* CoderSwagTests.swift in Sources */ = {isa = PBXBuildFile; fileRef = F61F893E227C9A1B0002817D /* CoderSwagTests.swift */; };
		F61F894A227C9A1B0002817D /* CoderSwagUITests.swift in Sources */ = {isa = PBXBuildFile; fileRef = F61F8949227C9A1B0002817D /* CoderSwagUITests.swift */; };
/* End PBXBuildFile section */

/* Begin PBXContainerItemProxy section */
		F61F893B227C9A1B0002817D /* PBXContainerItemProxy */ = {
			isa = PBXContainerItemProxy;
			containerPortal = F61F891E227C9A190002817D /* Project object */;
			proxyType = 1;
			remoteGlobalIDString = F61F8925227C9A190002817D;
			remoteInfo = CoderSwag;
		};
		F61F8946227C9A1B0002817D /* PBXContainerItemProxy */ = {
			isa = PBXContainerItemProxy;
			containerPortal = F61F891E227C9A190002817D /* Project object */;
			proxyType = 1;
			remoteGlobalIDString = F61F8925227C9A190002817D;
			remoteInfo = CoderSwag;
		};
/* End PBXContainerItemProxy section */

/* Begin PBXFileReference section */
		F61C1DA6228084B800948810 /* CategoryCell.swift */ = {isa = PBXFileReference; lastKnownFileType = sourcecode.swift; path = CategoryCell.swift; sourceTree = "<group>"; };
		F61C1DAA22809F0200948810 /* Category.swift */ = {isa = PBXFileReference; lastKnownFileType = sourcecode.swift; path = Category.swift; sourceTree = "<group>"; };
		F61C1DAD2280A03000948810 /* DataServices.swift */ = {isa = PBXFileReference; lastKnownFileType = sourcecode.swift; path = DataServices.swift; sourceTree = "<group>"; };
		F61C1DAF2280C12000948810 /* ProductCell.swift */ = {isa = PBXFileReference; lastKnownFileType = sourcecode.swift; path = ProductCell.swift; sourceTree = "<group>"; };
		F61C1DB12280C25A00948810 /* Product.swift */ = {isa = PBXFileReference; lastKnownFileType = sourcecode.swift; path = Product.swift; sourceTree = "<group>"; };
		F61C1DB32280CA4100948810 /* ProductsVC.swift */ = {isa = PBXFileReference; lastKnownFileType = sourcecode.swift; path = ProductsVC.swift; sourceTree = "<group>"; };
		F61F8926227C9A190002817D /* CoderSwag.app */ = {isa = PBXFileReference; explicitFileType = wrapper.application; includeInIndex = 0; path = CoderSwag.app; sourceTree = BUILT_PRODUCTS_DIR; };
		F61F8929227C9A190002817D /* AppDelegate.swift */ = {isa = PBXFileReference; lastKnownFileType = sourcecode.swift; path = AppDelegate.swift; sourceTree = "<group>"; };
		F61F892B227C9A190002817D /* CategoriesVC.swift */ = {isa = PBXFileReference; lastKnownFileType = sourcecode.swift; path = CategoriesVC.swift; sourceTree = "<group>"; };
		F61F892E227C9A190002817D /* Base */ = {isa = PBXFileReference; lastKnownFileType = file.storyboard; name = Base; path = Base.lproj/Main.storyboard; sourceTree = "<group>"; };
		F61F8930227C9A1B0002817D /* Assets.xcassets */ = {isa = PBXFileReference; lastKnownFileType = folder.assetcatalog; path = Assets.xcassets; sourceTree = "<group>"; };
		F61F8933227C9A1B0002817D /* Base */ = {isa = PBXFileReference; lastKnownFileType = file.storyboard; name = Base; path = Base.lproj/LaunchScreen.storyboard; sourceTree = "<group>"; };
		F61F8935227C9A1B0002817D /* Info.plist */ = {isa = PBXFileReference; lastKnownFileType = text.plist.xml; path = Info.plist; sourceTree = "<group>"; };
		F61F893A227C9A1B0002817D /* CoderSwagTests.xctest */ = {isa = PBXFileReference; explicitFileType = wrapper.cfbundle; includeInIndex = 0; path = CoderSwagTests.xctest; sourceTree = BUILT_PRODUCTS_DIR; };
		F61F893E227C9A1B0002817D /* CoderSwagTests.swift */ = {isa = PBXFileReference; lastKnownFileType = sourcecode.swift; path = CoderSwagTests.swift; sourceTree = "<group>"; };
		F61F8940227C9A1B0002817D /* Info.plist */ = {isa = PBXFileReference; lastKnownFileType = text.plist.xml; path = Info.plist; sourceTree = "<group>"; };
		F61F8945227C9A1B0002817D /* CoderSwagUITests.xctest */ = {isa = PBXFileReference; explicitFileType = wrapper.cfbundle; includeInIndex = 0; path = CoderSwagUITests.xctest; sourceTree = BUILT_PRODUCTS_DIR; };
		F61F8949227C9A1B0002817D /* CoderSwagUITests.swift */ = {isa = PBXFileReference; lastKnownFileType = sourcecode.swift; path = CoderSwagUITests.swift; sourceTree = "<group>"; };
		F61F894B227C9A1B0002817D /* Info.plist */ = {isa = PBXFileReference; lastKnownFileType = text.plist.xml; path = Info.plist; sourceTree = "<group>"; };
/* End PBXFileReference section */

/* Begin PBXFrameworksBuildPhase section */
		F61F8923227C9A190002817D /* Frameworks */ = {
			isa = PBXFrameworksBuildPhase;
			buildActionMask = 2147483647;
			files = (
			);
			runOnlyForDeploymentPostprocessing = 0;
		};
		F61F8937227C9A1B0002817D /* Frameworks */ = {
			isa = PBXFrameworksBuildPhase;
			buildActionMask = 2147483647;
			files = (
			);
			runOnlyForDeploymentPostprocessing = 0;
		};
		F61F8942227C9A1B0002817D /* Frameworks */ = {
			isa = PBXFrameworksBuildPhase;
			buildActionMask = 2147483647;
			files = (
			);
			runOnlyForDeploymentPostprocessing = 0;
		};
/* End PBXFrameworksBuildPhase section */

/* Begin PBXGroup section */
		F61C1DA22280838800948810 /* Controller */ = {
			isa = PBXGroup;
			children = (
				F61F892B227C9A190002817D /* CategoriesVC.swift */,
				F61C1DB32280CA4100948810 /* ProductsVC.swift */,
			);
			path = Controller;
			sourceTree = "<group>";
		};
		F61C1DA3228083F500948810 /* Model */ = {
			isa = PBXGroup;
			children = (
				F61C1DAA22809F0200948810 /* Category.swift */,
				F61C1DB12280C25A00948810 /* Product.swift */,
			);
			path = Model;
			sourceTree = "<group>";
		};
		F61C1DA4228083FE00948810 /* View */ = {
			isa = PBXGroup;
			children = (
				F61C1DA6228084B800948810 /* CategoryCell.swift */,
				F61C1DAF2280C12000948810 /* ProductCell.swift */,
			);
			path = View;
			sourceTree = "<group>";
		};
		F61C1DAC22809FEE00948810 /* Services */ = {
			isa = PBXGroup;
			children = (
				F61C1DAD2280A03000948810 /* DataServices.swift */,
			);
			path = Services;
			sourceTree = "<group>";
		};
		F61F891D227C9A190002817D = {
			isa = PBXGroup;
			children = (
				F61F8928227C9A190002817D /* CoderSwag */,
				F61F893D227C9A1B0002817D /* CoderSwagTests */,
				F61F8948227C9A1B0002817D /* CoderSwagUITests */,
				F61F8927227C9A190002817D /* Products */,
			);
			sourceTree = "<group>";
		};
		F61F8927227C9A190002817D /* Products */ = {
			isa = PBXGroup;
			children = (
				F61F8926227C9A190002817D /* CoderSwag.app */,
				F61F893A227C9A1B0002817D /* CoderSwagTests.xctest */,
				F61F8945227C9A1B0002817D /* CoderSwagUITests.xctest */,
			);
			name = Products;
			sourceTree = "<group>";
		};
		F61F8928227C9A190002817D /* CoderSwag */ = {
			isa = PBXGroup;
			children = (
				F61C1DAC22809FEE00948810 /* Services */,
				F61C1DA4228083FE00948810 /* View */,
				F61C1DA3228083F500948810 /* Model */,
				F61C1DA22280838800948810 /* Controller */,
				F61F8929227C9A190002817D /* AppDelegate.swift */,
				F61F892D227C9A190002817D /* Main.storyboard */,
				F61F8930227C9A1B0002817D /* Assets.xcassets */,
				F61F8932227C9A1B0002817D /* LaunchScreen.storyboard */,
				F61F8935227C9A1B0002817D /* Info.plist */,
			);
			path = CoderSwag;
			sourceTree = "<group>";
		};
		F61F893D227C9A1B0002817D /* CoderSwagTests */ = {
			isa = PBXGroup;
			children = (
				F61F893E227C9A1B0002817D /* CoderSwagTests.swift */,
				F61F8940227C9A1B0002817D /* Info.plist */,
			);
			path = CoderSwagTests;
			sourceTree = "<group>";
		};
		F61F8948227C9A1B0002817D /* CoderSwagUITests */ = {
			isa = PBXGroup;
			children = (
				F61F8949227C9A1B0002817D /* CoderSwagUITests.swift */,
				F61F894B227C9A1B0002817D /* Info.plist */,
			);
			path = CoderSwagUITests;
			sourceTree = "<group>";
		};
/* End PBXGroup section */

/* Begin PBXNativeTarget section */
		F61F8925227C9A190002817D /* CoderSwag */ = {
			isa = PBXNativeTarget;
			buildConfigurationList = F61F894E227C9A1B0002817D /* Build configuration list for PBXNativeTarget "CoderSwag" */;
			buildPhases = (
				F61F8922227C9A190002817D /* Sources */,
				F61F8923227C9A190002817D /* Frameworks */,
				F61F8924227C9A190002817D /* Resources */,
			);
			buildRules = (
			);
			dependencies = (
			);
			name = CoderSwag;
			productName = CoderSwag;
			productReference = F61F8926227C9A190002817D /* CoderSwag.app */;
			productType = "com.apple.product-type.application";
		};
		F61F8939227C9A1B0002817D /* CoderSwagTests */ = {
			isa = PBXNativeTarget;
			buildConfigurationList = F61F8951227C9A1B0002817D /* Build configuration list for PBXNativeTarget "CoderSwagTests" */;
			buildPhases = (
				F61F8936227C9A1B0002817D /* Sources */,
				F61F8937227C9A1B0002817D /* Frameworks */,
				F61F8938227C9A1B0002817D /* Resources */,
			);
			buildRules = (
			);
			dependencies = (
				F61F893C227C9A1B0002817D /* PBXTargetDependency */,
			);
			name = CoderSwagTests;
			productName = CoderSwagTests;
			productReference = F61F893A227C9A1B0002817D /* CoderSwagTests.xctest */;
			productType = "com.apple.product-type.bundle.unit-test";
		};
		F61F8944227C9A1B0002817D /* CoderSwagUITests */ = {
			isa = PBXNativeTarget;
			buildConfigurationList = F61F8954227C9A1B0002817D /* Build configuration list for PBXNativeTarget "CoderSwagUITests" */;
			buildPhases = (
				F61F8941227C9A1B0002817D /* Sources */,
				F61F8942227C9A1B0002817D /* Frameworks */,
				F61F8943227C9A1B0002817D /* Resources */,
			);
			buildRules = (
			);
			dependencies = (
				F61F8947227C9A1B0002817D /* PBXTargetDependency */,
			);
			name = CoderSwagUITests;
			productName = CoderSwagUITests;
			productReference = F61F8945227C9A1B0002817D /* CoderSwagUITests.xctest */;
			productType = "com.apple.product-type.bundle.ui-testing";
		};
/* End PBXNativeTarget section */

/* Begin PBXProject section */
		F61F891E227C9A190002817D /* Project object */ = {
			isa = PBXProject;
			attributes = {
				LastSwiftUpdateCheck = 1020;
				LastUpgradeCheck = 1020;
				ORGANIZATIONNAME = "Citsa Digital";
				TargetAttributes = {
					F61F8925227C9A190002817D = {
						CreatedOnToolsVersion = 10.2;
					};
					F61F8939227C9A1B0002817D = {
						CreatedOnToolsVersion = 10.2;
						TestTargetID = F61F8925227C9A190002817D;
					};
					F61F8944227C9A1B0002817D = {
						CreatedOnToolsVersion = 10.2;
						TestTargetID = F61F8925227C9A190002817D;
					};
				};
			};
			buildConfigurationList = F61F8921227C9A190002817D /* Build configuration list for PBXProject "CoderSwag" */;
			compatibilityVersion = "Xcode 9.3";
			developmentRegion = en;
			hasScannedForEncodings = 0;
			knownRegions = (
				en,
				Base,
			);
			mainGroup = F61F891D227C9A190002817D;
			productRefGroup = F61F8927227C9A190002817D /* Products */;
			projectDirPath = "";
			projectRoot = "";
			targets = (
				F61F8925227C9A190002817D /* CoderSwag */,
				F61F8939227C9A1B0002817D /* CoderSwagTests */,
				F61F8944227C9A1B0002817D /* CoderSwagUITests */,
			);
		};
/* End PBXProject section */

/* Begin PBXResourcesBuildPhase section */
		F61F8924227C9A190002817D /* Resources */ = {
			isa = PBXResourcesBuildPhase;
			buildActionMask = 2147483647;
			files = (
				F61F8934227C9A1B0002817D /* LaunchScreen.storyboard in Resources */,
				F61F8931227C9A1B0002817D /* Assets.xcassets in Resources */,
				F61F892F227C9A190002817D /* Main.storyboard in Resources */,
			);
			runOnlyForDeploymentPostprocessing = 0;
		};
		F61F8938227C9A1B0002817D /* Resources */ = {
			isa = PBXResourcesBuildPhase;
			buildActionMask = 2147483647;
			files = (
			);
			runOnlyForDeploymentPostprocessing = 0;
		};
		F61F8943227C9A1B0002817D /* Resources */ = {
			isa = PBXResourcesBuildPhase;
			buildActionMask = 2147483647;
			files = (
			);
			runOnlyForDeploymentPostprocessing = 0;
		};
/* End PBXResourcesBuildPhase section */

/* Begin PBXSourcesBuildPhase section */
		F61F8922227C9A190002817D /* Sources */ = {
			isa = PBXSourcesBuildPhase;
			buildActionMask = 2147483647;
			files = (
				F61C1DB42280CA4100948810 /* ProductsVC.swift in Sources */,
				F61C1DAE2280A03000948810 /* DataServices.swift in Sources */,
				F61F892C227C9A190002817D /* CategoriesVC.swift in Sources */,
				F61F892A227C9A190002817D /* AppDelegate.swift in Sources */,
				F61C1DB02280C12000948810 /* ProductCell.swift in Sources */,
				F61C1DA7228084B800948810 /* CategoryCell.swift in Sources */,
				F61C1DAB22809F0200948810 /* Category.swift in Sources */,
				F61C1DB22280C25A00948810 /* Product.swift in Sources */,
			);
			runOnlyForDeploymentPostprocessing = 0;
		};
		F61F8936227C9A1B0002817D /* Sources */ = {
			isa = PBXSourcesBuildPhase;
			buildActionMask = 2147483647;
			files = (
				F61F893F227C9A1B0002817D /* CoderSwagTests.swift in Sources */,
			);
			runOnlyForDeploymentPostprocessing = 0;
		};
		F61F8941227C9A1B0002817D /* Sources */ = {
			isa = PBXSourcesBuildPhase;
			buildActionMask = 2147483647;
			files = (
				F61F894A227C9A1B0002817D /* CoderSwagUITests.swift in Sources */,
			);
			runOnlyForDeploymentPostprocessing = 0;
		};
/* End PBXSourcesBuildPhase section */

/* Begin PBXTargetDependency section */
		F61F893C227C9A1B0002817D /* PBXTargetDependency */ = {
			isa = PBXTargetDependency;
			target = F61F8925227C9A190002817D /* CoderSwag */;
			targetProxy = F61F893B227C9A1B0002817D /* PBXContainerItemProxy */;
		};
		F61F8947227C9A1B0002817D /* PBXTargetDependency */ = {
			isa = PBXTargetDependency;
			target = F61F8925227C9A190002817D /* CoderSwag */;
			targetProxy = F61F8946227C9A1B0002817D /* PBXContainerItemProxy */;
		};
/* End PBXTargetDependency section */

/* Begin PBXVariantGroup section */
		F61F892D227C9A190002817D /* Main.storyboard */ = {
			isa = PBXVariantGroup;
			children = (
				F61F892E227C9A190002817D /* Base */,
			);
			name = Main.storyboard;
			sourceTree = "<group>";
		};
		F61F8932227C9A1B0002817D /* LaunchScreen.storyboard */ = {
			isa = PBXVariantGroup;
			children = (
				F61F8933227C9A1B0002817D /* Base */,
			);
			name = LaunchScreen.storyboard;
			sourceTree = "<group>";
		};
/* End PBXVariantGroup section */

/* Begin XCBuildConfiguration section */
		F61F894C227C9A1B0002817D /* Debug */ = {
			isa = XCBuildConfiguration;
			buildSettings = {
				ALWAYS_SEARCH_USER_PATHS = NO;
				CLANG_ANALYZER_NONNULL = YES;
				CLANG_ANALYZER_NUMBER_OBJECT_CONVERSION = YES_AGGRESSIVE;
				CLANG_CXX_LANGUAGE_STANDARD = "gnu++14";
				CLANG_CXX_LIBRARY = "libc++";
				CLANG_ENABLE_MODULES = YES;
				CLANG_ENABLE_OBJC_ARC = YES;
				CLANG_ENABLE_OBJC_WEAK = YES;
				CLANG_WARN_BLOCK_CAPTURE_AUTORELEASING = YES;
				CLANG_WARN_BOOL_CONVERSION = YES;
				CLANG_WARN_COMMA = YES;
				CLANG_WARN_CONSTANT_CONVERSION = YES;
				CLANG_WARN_DEPRECATED_OBJC_IMPLEMENTATIONS = YES;
				CLANG_WARN_DIRECT_OBJC_ISA_USAGE = YES_ERROR;
				CLANG_WARN_DOCUMENTATION_COMMENTS = YES;
				CLANG_WARN_EMPTY_BODY = YES;
				CLANG_WARN_ENUM_CONVERSION = YES;
				CLANG_WARN_INFINITE_RECURSION = YES;
				CLANG_WARN_INT_CONVERSION = YES;
				CLANG_WARN_NON_LITERAL_NULL_CONVERSION = YES;
				CLANG_WARN_OBJC_IMPLICIT_RETAIN_SELF = YES;
				CLANG_WARN_OBJC_LITERAL_CONVERSION = YES;
				CLANG_WARN_OBJC_ROOT_CLASS = YES_ERROR;
				CLANG_WARN_RANGE_LOOP_ANALYSIS = YES;
				CLANG_WARN_STRICT_PROTOTYPES = YES;
				CLANG_WARN_SUSPICIOUS_MOVE = YES;
				CLANG_WARN_UNGUARDED_AVAILABILITY = YES_AGGRESSIVE;
				CLANG_WARN_UNREACHABLE_CODE = YES;
				CLANG_WARN__DUPLICATE_METHOD_MATCH = YES;
				CODE_SIGN_IDENTITY = "iPhone Developer";
				COPY_PHASE_STRIP = NO;
				DEBUG_INFORMATION_FORMAT = dwarf;
				ENABLE_STRICT_OBJC_MSGSEND = YES;
				ENABLE_TESTABILITY = YES;
				GCC_C_LANGUAGE_STANDARD = gnu11;
				GCC_DYNAMIC_NO_PIC = NO;
				GCC_NO_COMMON_BLOCKS = YES;
				GCC_OPTIMIZATION_LEVEL = 0;
				GCC_PREPROCESSOR_DEFINITIONS = (
					"DEBUG=1",
					"$(inherited)",
				);
				GCC_WARN_64_TO_32_BIT_CONVERSION = YES;
				GCC_WARN_ABOUT_RETURN_TYPE = YES_ERROR;
				GCC_WARN_UNDECLARED_SELECTOR = YES;
				GCC_WARN_UNINITIALIZED_AUTOS = YES_AGGRESSIVE;
				GCC_WARN_UNUSED_FUNCTION = YES;
				GCC_WARN_UNUSED_VARIABLE = YES;
				IPHONEOS_DEPLOYMENT_TARGET = 12.2;
				MTL_ENABLE_DEBUG_INFO = INCLUDE_SOURCE;
				MTL_FAST_MATH = YES;
				ONLY_ACTIVE_ARCH = YES;
				SDKROOT = iphoneos;
				SWIFT_ACTIVE_COMPILATION_CONDITIONS = DEBUG;
				SWIFT_OPTIMIZATION_LEVEL = "-Onone";
			};
			name = Debug;
		};
		F61F894D227C9A1B0002817D /* Release */ = {
			isa = XCBuildConfiguration;
			buildSettings = {
				ALWAYS_SEARCH_USER_PATHS = NO;
				CLANG_ANALYZER_NONNULL = YES;
				CLANG_ANALYZER_NUMBER_OBJECT_CONVERSION = YES_AGGRESSIVE;
				CLANG_CXX_LANGUAGE_STANDARD = "gnu++14";
				CLANG_CXX_LIBRARY = "libc++";
				CLANG_ENABLE_MODULES = YES;
				CLANG_ENABLE_OBJC_ARC = YES;
				CLANG_ENABLE_OBJC_WEAK = YES;
				CLANG_WARN_BLOCK_CAPTURE_AUTORELEASING = YES;
				CLANG_WARN_BOOL_CONVERSION = YES;
				CLANG_WARN_COMMA = YES;
				CLANG_WARN_CONSTANT_CONVERSION = YES;
				CLANG_WARN_DEPRECATED_OBJC_IMPLEMENTATIONS = YES;
				CLANG_WARN_DIRECT_OBJC_ISA_USAGE = YES_ERROR;
				CLANG_WARN_DOCUMENTATION_COMMENTS = YES;
				CLANG_WARN_EMPTY_BODY = YES;
				CLANG_WARN_ENUM_CONVERSION = YES;
				CLANG_WARN_INFINITE_RECURSION = YES;
				CLANG_WARN_INT_CONVERSION = YES;
				CLANG_WARN_NON_LITERAL_NULL_CONVERSION = YES;
				CLANG_WARN_OBJC_IMPLICIT_RETAIN_SELF = YES;
				CLANG_WARN_OBJC_LITERAL_CONVERSION = YES;
				CLANG_WARN_OBJC_ROOT_CLASS = YES_ERROR;
				CLANG_WARN_RANGE_LOOP_ANALYSIS = YES;
				CLANG_WARN_STRICT_PROTOTYPES = YES;
				CLANG_WARN_SUSPICIOUS_MOVE = YES;
				CLANG_WARN_UNGUARDED_AVAILABILITY = YES_AGGRESSIVE;
				CLANG_WARN_UNREACHABLE_CODE = YES;
				CLANG_WARN__DUPLICATE_METHOD_MATCH = YES;
				CODE_SIGN_IDENTITY = "iPhone Developer";
				COPY_PHASE_STRIP = NO;
				DEBUG_INFORMATION_FORMAT = "dwarf-with-dsym";
				ENABLE_NS_ASSERTIONS = NO;
				ENABLE_STRICT_OBJC_MSGSEND = YES;
				GCC_C_LANGUAGE_STANDARD = gnu11;
				GCC_NO_COMMON_BLOCKS = YES;
				GCC_WARN_64_TO_32_BIT_CONVERSION = YES;
				GCC_WARN_ABOUT_RETURN_TYPE = YES_ERROR;
				GCC_WARN_UNDECLARED_SELECTOR = YES;
				GCC_WARN_UNINITIALIZED_AUTOS = YES_AGGRESSIVE;
				GCC_WARN_UNUSED_FUNCTION = YES;
				GCC_WARN_UNUSED_VARIABLE = YES;
				IPHONEOS_DEPLOYMENT_TARGET = 12.2;
				MTL_ENABLE_DEBUG_INFO = NO;
				MTL_FAST_MATH = YES;
				SDKROOT = iphoneos;
				SWIFT_COMPILATION_MODE = wholemodule;
				SWIFT_OPTIMIZATION_LEVEL = "-O";
				VALIDATE_PRODUCT = YES;
			};
			name = Release;
		};
		F61F894F227C9A1B0002817D /* Debug */ = {
			isa = XCBuildConfiguration;
			buildSettings = {
				ASSETCATALOG_COMPILER_APPICON_NAME = AppIcon;
				CODE_SIGN_STYLE = Automatic;
				DEVELOPMENT_TEAM = 9PTQ7T6RG5;
				INFOPLIST_FILE = CoderSwag/Info.plist;
				LD_RUNPATH_SEARCH_PATHS = (
					"$(inherited)",
					"@executable_path/Frameworks",
				);
				PRODUCT_BUNDLE_IDENTIFIER = com.citsadigital.CoderSwag;
				PRODUCT_NAME = "$(TARGET_NAME)";
				SWIFT_VERSION = 5.0;
				TARGETED_DEVICE_FAMILY = "1,2";
			};
			name = Debug;
		};
		F61F8950227C9A1B0002817D /* Release */ = {
			isa = XCBuildConfiguration;
			buildSettings = {
				ASSETCATALOG_COMPILER_APPICON_NAME = AppIcon;
				CODE_SIGN_STYLE = Automatic;
				DEVELOPMENT_TEAM = 9PTQ7T6RG5;
				INFOPLIST_FILE = CoderSwag/Info.plist;
				LD_RUNPATH_SEARCH_PATHS = (
					"$(inherited)",
					"@executable_path/Frameworks",
				);
				PRODUCT_BUNDLE_IDENTIFIER = com.citsadigital.CoderSwag;
				PRODUCT_NAME = "$(TARGET_NAME)";
				SWIFT_VERSION = 5.0;
				TARGETED_DEVICE_FAMILY = "1,2";
			};
			name = Release;
		};
		F61F8952227C9A1B0002817D /* Debug */ = {
			isa = XCBuildConfiguration;
			buildSettings = {
				ALWAYS_EMBED_SWIFT_STANDARD_LIBRARIES = YES;
				BUNDLE_LOADER = "$(TEST_HOST)";
				CODE_SIGN_STYLE = Automatic;
				DEVELOPMENT_TEAM = 9PTQ7T6RG5;
				INFOPLIST_FILE = CoderSwagTests/Info.plist;
				LD_RUNPATH_SEARCH_PATHS = (
					"$(inherited)",
					"@executable_path/Frameworks",
					"@loader_path/Frameworks",
				);
				PRODUCT_BUNDLE_IDENTIFIER = com.citsadigital.CoderSwagTests;
				PRODUCT_NAME = "$(TARGET_NAME)";
				SWIFT_VERSION = 5.0;
				TARGETED_DEVICE_FAMILY = "1,2";
				TEST_HOST = "$(BUILT_PRODUCTS_DIR)/CoderSwag.app/CoderSwag";
			};
			name = Debug;
		};
		F61F8953227C9A1B0002817D /* Release */ = {
			isa = XCBuildConfiguration;
			buildSettings = {
				ALWAYS_EMBED_SWIFT_STANDARD_LIBRARIES = YES;
				BUNDLE_LOADER = "$(TEST_HOST)";
				CODE_SIGN_STYLE = Automatic;
				DEVELOPMENT_TEAM = 9PTQ7T6RG5;
				INFOPLIST_FILE = CoderSwagTests/Info.plist;
				LD_RUNPATH_SEARCH_PATHS = (
					"$(inherited)",
					"@executable_path/Frameworks",
					"@loader_path/Frameworks",
				);
				PRODUCT_BUNDLE_IDENTIFIER = com.citsadigital.CoderSwagTests;
				PRODUCT_NAME = "$(TARGET_NAME)";
				SWIFT_VERSION = 5.0;
				TARGETED_DEVICE_FAMILY = "1,2";
				TEST_HOST = "$(BUILT_PRODUCTS_DIR)/CoderSwag.app/CoderSwag";
			};
			name = Release;
		};
		F61F8955227C9A1B0002817D /* Debug */ = {
			isa = XCBuildConfiguration;
			buildSettings = {
				ALWAYS_EMBED_SWIFT_STANDARD_LIBRARIES = YES;
				CODE_SIGN_STYLE = Automatic;
				DEVELOPMENT_TEAM = 9PTQ7T6RG5;
				INFOPLIST_FILE = CoderSwagUITests/Info.plist;
				LD_RUNPATH_SEARCH_PATHS = (
					"$(inherited)",
					"@executable_path/Frameworks",
					"@loader_path/Frameworks",
				);
				PRODUCT_BUNDLE_IDENTIFIER = com.citsadigital.CoderSwagUITests;
				PRODUCT_NAME = "$(TARGET_NAME)";
				SWIFT_VERSION = 5.0;
				TARGETED_DEVICE_FAMILY = "1,2";
				TEST_TARGET_NAME = CoderSwag;
			};
			name = Debug;
		};
		F61F8956227C9A1B0002817D /* Release */ = {
			isa = XCBuildConfiguration;
			buildSettings = {
				ALWAYS_EMBED_SWIFT_STANDARD_LIBRARIES = YES;
				CODE_SIGN_STYLE = Automatic;
				DEVELOPMENT_TEAM = 9PTQ7T6RG5;
				INFOPLIST_FILE = CoderSwagUITests/Info.plist;
				LD_RUNPATH_SEARCH_PATHS = (
					"$(inherited)",
					"@executable_path/Frameworks",
					"@loader_path/Frameworks",
				);
				PRODUCT_BUNDLE_IDENTIFIER = com.citsadigital.CoderSwagUITests;
				PRODUCT_NAME = "$(TARGET_NAME)";
				SWIFT_VERSION = 5.0;
				TARGETED_DEVICE_FAMILY = "1,2";
				TEST_TARGET_NAME = CoderSwag;
			};
			name = Release;
		};
/* End XCBuildConfiguration section */

/* Begin XCConfigurationList section */
		F61F8921227C9A190002817D /* Build configuration list for PBXProject "CoderSwag" */ = {
			isa = XCConfigurationList;
			buildConfigurations = (
				F61F894C227C9A1B0002817D /* Debug */,
				F61F894D227C9A1B0002817D /* Release */,
			);
			defaultConfigurationIsVisible = 0;
			defaultConfigurationName = Release;
		};
		F61F894E227C9A1B0002817D /* Build configuration list for PBXNativeTarget "CoderSwag" */ = {
			isa = XCConfigurationList;
			buildConfigurations = (
				F61F894F227C9A1B0002817D /* Debug */,
				F61F8950227C9A1B0002817D /* Release */,
			);
			defaultConfigurationIsVisible = 0;
			defaultConfigurationName = Release;
		};
		F61F8951227C9A1B0002817D /* Build configuration list for PBXNativeTarget "CoderSwagTests" */ = {
			isa = XCConfigurationList;
			buildConfigurations = (
				F61F8952227C9A1B0002817D /* Debug */,
				F61F8953227C9A1B0002817D /* Release */,
			);
			defaultConfigurationIsVisible = 0;
			defaultConfigurationName = Release;
		};
		F61F8954227C9A1B0002817D /* Build configuration list for PBXNativeTarget "CoderSwagUITests" */ = {
			isa = XCConfigurationList;
			buildConfigurations = (
				F61F8955227C9A1B0002817D /* Debug */,
				F61F8956227C9A1B0002817D /* Release */,
			);
			defaultConfigurationIsVisible = 0;
			defaultConfigurationName = Release;
		};
/* End XCConfigurationList section */
	};
	rootObject = F61F891E227C9A190002817D /* Project object */;
}
